
Microsoft Visual Studio Solution File, Format Version 12.00
# Visual Studio Version 16
VisualStudioVersion = 16.0.31729.503
MinimumVisualStudioVersion = 10.0.40219.1
Project("{9A19103F-16F7-4668-BE54-9A1E7A4F7556}") = "HelloWorld", "HelloWorld\HelloWorld.csproj", "{6839E5D6-98EC-4F04-8C86-1CA406E3A882}"
EndProject
Project("{FAE04EC0-301F-11D3-BF4B-00C04F79EFBC}") = "WpfApp1", "WpfApp1\WpfApp1.csproj", "{724A7D16-1BF6-4CD7-B701-CE22287C79A6}"
EndProject
Global
	GlobalSection(SolutionConfigurationPlatforms) = preSolution
		Debug|Any CPU = Debug|Any CPU
		Release|Any CPU = Release|Any CPU
	EndGlobalSection
	GlobalSection(ProjectConfigurationPlatforms) = postSolution
		{6839E5D6-98EC-4F04-8C86-1CA406E3A882}.Debug|Any CPU.ActiveCfg = Debug|Any CPU
		{6839E5D6-98EC-4F04-8C86-1CA406E3A882}.Debug|Any CPU.Build.0 = Debug|Any CPU
		{6839E5D6-98EC-4F04-8C86-1CA406E3A882}.Release|Any CPU.ActiveCfg = Release|Any CPU
		{6839E5D6-98EC-4F04-8C86-1CA406E3A882}.Release|Any CPU.Build.0 = Release|Any CPU
		{724A7D16-1BF6-4CD7-B701-CE22287C79A6}.Debug|Any CPU.ActiveCfg = Debug|Any CPU
		{724A7D16-1BF6-4CD7-B701-CE22287C79A6}.Debug|Any CPU.Build.0 = Debug|Any CPU
		{724A7D16-1BF6-4CD7-B701-CE22287C79A6}.Release|Any CPU.ActiveCfg = Release|Any CPU
		{724A7D16-1BF6-4CD7-B701-CE22287C79A6}.Release|Any CPU.Build.0 = Release|Any CPU
	EndGlobalSection
	GlobalSection(SolutionProperties) = preSolution
		HideSolutionNode = FALSE
	EndGlobalSection
	GlobalSection(ExtensibilityGlobals) = postSolution
		SolutionGuid = {D9D28158-57DF-4350-9C6B-F73147EDCFC9}
	EndGlobalSection
EndGlobal
